PODS:
  - Capacitor (5.7.8):
    - CapacitorCordova
  - CapacitorApp (5.0.8):
    - Capacitor
  - CapacitorCamera (5.0.10):
    - Capacitor
  - CapacitorCordova (5.7.8)
  - CapacitorPreferences (5.0.8):
    - Capacitor
  - CapacitorSplashScreen (5.0.8):
    - Capacitor
  - CapacitorStatusBar (5.0.8):
    - Capacitor
  - CordovaPlugins (5.7.0):
    - CapacitorCordova
  - CordovaPluginsStatic (5.7.0):
    - CapacitorCordova
    - OneSignalXCFramework (= 5.5.0)
  - OneSignalXCFramework (5.5.0):
    - OneSignalXCFramework/OneSignalComplete (= 5.5.0)
  - OneSignalXCFramework/OneSignal (5.5.0):
    - OneSignalXCFramework/OneSignalCore
    - OneSignalXCFramework/OneSignalExtension
    - OneSignalXCFramework/OneSignalLiveActivities
    - OneSignalXCFramework/OneSignalNotifications
    - OneSignalXCFramework/OneSignalOSCore
    - OneSignalXCFramework/OneSignalOutcomes
    - OneSignalXCFramework/OneSignalUser
  - OneSignalXCFramework/OneSignalComplete (5.5.0):
    - OneSignalXCFramework/OneSignal
    - OneSignalXCFramework/OneSignalInAppMessages
    - OneSignalXCFramework/OneSignalLocation
  - OneSignalXCFramework/OneSignalCore (5.5.0)
  - OneSignalXCFramework/OneSignalExtension (5.5.0):
    - OneSignalXCFramework/OneSignalCore
    - OneSignalXCFramework/OneSignalOutcomes
  - OneSignalXCFramework/OneSignalInAppMessages (5.5.0):
    - OneSignalXCFramework/OneSignalCore
    - OneSignalXCFramework/OneSignalNotifications
    - OneSignalXCFramework/OneSignalOSCore
    - OneSignalXCFramework/OneSignalOutcomes
    - OneSignalXCFramework/OneSignalUser
  - OneSignalXCFramework/OneSignalLiveActivities (5.5.0):
    - OneSignalXCFramework/OneSignalCore
    - OneSignalXCFramework/OneSignalOSCore
    - OneSignalXCFramework/OneSignalUser
  - OneSignalXCFramework/OneSignalLocation (5.5.0):
    - OneSignalXCFramework/OneSignalCore
    - OneSignalXCFramework/OneSignalNotifications
    - OneSignalXCFramework/OneSignalOSCore
    - OneSignalXCFramework/OneSignalUser
  - OneSignalXCFramework/OneSignalNotifications (5.5.0):
    - OneSignalXCFramework/OneSignalCore
    - OneSignalXCFramework/OneSignalExtension
    - OneSignalXCFramework/OneSignalOutcomes
  - OneSignalXCFramework/OneSignalOSCore (5.5.0):
    - OneSignalXCFramework/OneSignalCore
  - OneSignalXCFramework/OneSignalOutcomes (5.5.0):
    - OneSignalXCFramework/OneSignalCore
  - OneSignalXCFramework/OneSignalUser (5.5.0):
    - OneSignalXCFramework/OneSignalCore
    - OneSignalXCFramework/OneSignalNotifications
    - OneSignalXCFramework/OneSignalOSCore
    - OneSignalXCFramework/OneSignalOutcomes

DEPENDENCIES:
  - "Capacitor (from `../../node_modules/@capacitor/ios`)"
  - "CapacitorApp (from `../../node_modules/@capacitor/app`)"
  - "CapacitorCamera (from `../../node_modules/@capacitor/camera`)"
  - "CapacitorCordova (from `../../node_modules/@capacitor/ios`)"
  - "CapacitorPreferences (from `../../node_modules/@capacitor/preferences`)"
  - "CapacitorSplashScreen (from `../../node_modules/@capacitor/splash-screen`)"
  - "CapacitorStatusBar (from `../../node_modules/@capacitor/status-bar`)"
  - CordovaPlugins (from `../capacitor-cordova-ios-plugins`)
  - CordovaPluginsStatic (from `../capacitor-cordova-ios-plugins`)

SPEC REPOS:
  trunk:
    - OneSignalXCFramework

EXTERNAL SOURCES:
  Capacitor:
    :path: "../../node_modules/@capacitor/ios"
  CapacitorApp:
    :path: "../../node_modules/@capacitor/app"
  CapacitorCamera:
    :path: "../../node_modules/@capacitor/camera"
  CapacitorCordova:
    :path: "../../node_modules/@capacitor/ios"
  CapacitorPreferences:
    :path: "../../node_modules/@capacitor/preferences"
  CapacitorSplashScreen:
    :path: "../../node_modules/@capacitor/splash-screen"
  CapacitorStatusBar:
    :path: "../../node_modules/@capacitor/status-bar"
  CordovaPlugins:
    :path: "../capacitor-cordova-ios-plugins"
  CordovaPluginsStatic:
    :path: "../capacitor-cordova-ios-plugins"

SPEC CHECKSUMS:
  Capacitor: 9686e5711b48a1aa84671ede795d0175848abcba
  CapacitorApp: 8026f7ce1ac72780258d05a90c07deb5c724c0fa
  CapacitorCamera: 916a67c6726fabcc623df79d3f934828f2520103
  CapacitorCordova: 31ab98dca2ddcee051027a1afe7e8c85c82f7297
  CapacitorPreferences: 5331d7a33044d252dcb2f7fee712f0322c04bae7
  CapacitorSplashScreen: 0b962a2bee014151569dc59b089ba0e93daeeaf0
  CapacitorStatusBar: 8e0a8f213504695505dc8c4f808dffbe03aa0e0f
  CordovaPlugins: caa80a641321b286e82b795626045c9ee3100016
  CordovaPluginsStatic: 54e9b0eadae9ff161643d4de07071f88322d87f6
  OneSignalXCFramework: 943852e7d70d719f73e9669d48620aeec1b93022

PODFILE CHECKSUM: 0be7526a4418b0da2af64809367565b1bb42e615

COCOAPODS: 1.16.2
